Microsoft Visual Studio Solution File, Format Version 12.00
# Visual Studio Version 17
VisualStudioVersion = 17.5.2.0
MinimumVisualStudioVersion = 10.0.40219.1
Project("{FAE04EC0-301F-11D3-BF4B-00C04F79EFBC}") = "case03", "case03.csproj", "{6A836758-1BA0-D371-0C95-F7D03D2D5665}"
EndProject
Global
	GlobalSection(SolutionConfigurationPlatforms) = preSolution
		Debug|Any CPU = Debug|Any CPU
		Release|Any CPU = Release|Any CPU
	EndGlobalSection
	GlobalSection(ProjectConfigurationPlatforms) = postSolution
		{6A836758-1BA0-D371-0C95-F7D03D2D5665}.Debug|Any CPU.ActiveCfg = Debug|Any CPU
		{6A836758-1BA0-D371-0C95-F7D03D2D5665}.Debug|Any CPU.Build.0 = Debug|Any CPU
		{6A836758-1BA0-D371-0C95-F7D03D2D5665}.Release|Any CPU.ActiveCfg = Release|Any CPU
		{6A836758-1BA0-D371-0C95-F7D03D2D5665}.Release|Any CPU.Build.0 = Release|Any CPU
	EndGlobalSection
	GlobalSection(SolutionProperties) = preSolution
		HideSolutionNode = FALSE
	EndGlobalSection
	GlobalSection(ExtensibilityGlobals) = postSolution
		SolutionGuid = {BFDC6DA8-C2CB-44DF-BE0D-EBDC22B12CE1}
	EndGlobalSection
EndGlobal
